// !$*UTF8*$!
{
	archiveVersion = 1;
	classes = {
	};
	objectVersion = 48;
	objects = {

/* Begin PBXBuildFile section */
		A41A7A830123E5275EB5A3AF /* libPods-TPDownLoadDemo.a in Frameworks */ = {isa = PBXBuildFile; fileRef = C650F8ABDE4EB94E2A5BDED0 /* libPods-TPDownLoadDemo.a */; };
		C99A3FEA20F75F97006DEDA2 /* AppDelegate.m in Sources */ = {isa = PBXBuildFile; fileRef = C99A3FE920F75F97006DEDA2 /* AppDelegate.m */; };
		C99A3FED20F75F97006DEDA2 /* ViewController.m in Sources */ = {isa = PBXBuildFile; fileRef = C99A3FEC20F75F97006DEDA2 /* ViewController.m */; };
		C99A3FF020F75F97006DEDA2 /* Main.storyboard in Resources */ = {isa = PBXBuildFile; fileRef = C99A3FEE20F75F97006DEDA2 /* Main.storyboard */; };
		C99A3FF220F75F97006DEDA2 /* Assets.xcassets in Resources */ = {isa = PBXBuildFile; fileRef = C99A3FF120F75F97006DEDA2 /* Assets.xcassets */; };
		C99A3FF520F75F97006DEDA2 /* LaunchScreen.storyboard in Resources */ = {isa = PBXBuildFile; fileRef = C99A3FF320F75F97006DEDA2 /* LaunchScreen.storyboard */; };
		C99A3FF820F75F97006DEDA2 /* main.m in Sources */ = {isa = PBXBuildFile; fileRef = C99A3FF720F75F97006DEDA2 /* main.m */; };
		C99A400220F75F97006DEDA2 /* TPDownLoadDemoTests.m in Sources */ = {isa = PBXBuildFile; fileRef = C99A400120F75F97006DEDA2 /* TPDownLoadDemoTests.m */; };
		C99A401620F75FA7006DEDA2 /* TPDownLoadSession.m in Sources */ = {isa = PBXBuildFile; fileRef = C99A400D20F75FA6006DEDA2 /* TPDownLoadSession.m */; };
		C99A401720F75FA7006DEDA2 /* TPDownLoadCache.m in Sources */ = {isa = PBXBuildFile; fileRef = C99A400E20F75FA6006DEDA2 /* TPDownLoadCache.m */; };
		C99A401820F75FA7006DEDA2 /* TPDownLoadManager.m in Sources */ = {isa = PBXBuildFile; fileRef = C99A401020F75FA6006DEDA2 /* TPDownLoadManager.m */; };
		C99A401920F75FA7006DEDA2 /* TPDownLoadModel.m in Sources */ = {isa = PBXBuildFile; fileRef = C99A401120F75FA7006DEDA2 /* TPDownLoadModel.m */; };
		C99A401A20F75FA7006DEDA2 /* TPDownLoadChecker.m in Sources */ = {isa = PBXBuildFile; fileRef = C99A401420F75FA7006DEDA2 /* TPDownLoadChecker.m */; };
/* End PBXBuildFile section */

/* Begin PBXContainerItemProxy section */
		C99A3FFE20F75F97006DEDA2 /* PBXContainerItemProxy */ = {
			isa = PBXContainerItemProxy;
			containerPortal = C99A3FDD20F75F97006DEDA2 /* Project object */;
			proxyType = 1;
			remoteGlobalIDString = C99A3FE420F75F97006DEDA2;
			remoteInfo = TPDownLoadDemo;
		};
/* End PBXContainerItemProxy section */

/* Begin PBXFileReference section */
		38A2FBD81319165F20063D72 /* Pods-TPDownLoadDemo.release.xcconfig */ = {isa = PBXFileReference; includeInIndex = 1; lastKnownFileType = text.xcconfig; name = "Pods-TPDownLoadDemo.release.xcconfig"; path = "Pods/Target Support Files/Pods-TPDownLoadDemo/Pods-TPDownLoadDemo.release.xcconfig"; sourceTree = "<group>"; };
		C59FB66FCA5B6AEF3FB3240A /* Pods-TPDownLoadDemo.debug.xcconfig */ = {isa = PBXFileReference; includeInIndex = 1; lastKnownFileType = text.xcconfig; name = "Pods-TPDownLoadDemo.debug.xcconfig"; path = "Pods/Target Support Files/Pods-TPDownLoadDemo/Pods-TPDownLoadDemo.debug.xcconfig"; sourceTree = "<group>"; };
		C650F8ABDE4EB94E2A5BDED0 /* libPods-TPDownLoadDemo.a */ = {isa = PBXFileReference; explicitFileType = archive.ar; includeInIndex = 0; path = "libPods-TPDownLoadDemo.a"; sourceTree = BUILT_PRODUCTS_DIR; };
		C99A3FE520F75F97006DEDA2 /* TPDownLoadDemo.app */ = {isa = PBXFileReference; explicitFileType = wrapper.application; includeInIndex = 0; path = TPDownLoadDemo.app; sourceTree = BUILT_PRODUCTS_DIR; };
		C99A3FE820F75F97006DEDA2 /* AppDelegate.h */ = {isa = PBXFileReference; lastKnownFileType = sourcecode.c.h; path = AppDelegate.h; sourceTree = "<group>"; };
		C99A3FE920F75F97006DEDA2 /* AppDelegate.m */ = {isa = PBXFileReference; lastKnownFileType = sourcecode.c.objc; path = AppDelegate.m; sourceTree = "<group>"; };
		C99A3FEB20F75F97006DEDA2 /* ViewController.h */ = {isa = PBXFileReference; lastKnownFileType = sourcecode.c.h; path = ViewController.h; sourceTree = "<group>"; };
		C99A3FEC20F75F97006DEDA2 /* ViewController.m */ = {isa = PBXFileReference; lastKnownFileType = sourcecode.c.objc; path = ViewController.m; sourceTree = "<group>"; };
		C99A3FEF20F75F97006DEDA2 /* Base */ = {isa = PBXFileReference; lastKnownFileType = file.storyboard; name = Base; path = Base.lproj/Main.storyboard; sourceTree = "<group>"; };
		C99A3FF120F75F97006DEDA2 /* Assets.xcassets */ = {isa = PBXFileReference; lastKnownFileType = folder.assetcatalog; path = Assets.xcassets; sourceTree = "<group>"; };
		C99A3FF420F75F97006DEDA2 /* Base */ = {isa = PBXFileReference; lastKnownFileType = file.storyboard; name = Base; path = Base.lproj/LaunchScreen.storyboard; sourceTree = "<group>"; };
		C99A3FF620F75F97006DEDA2 /* Info.plist */ = {isa = PBXFileReference; lastKnownFileType = text.plist.xml; path = Info.plist; sourceTree = "<group>"; };
		C99A3FF720F75F97006DEDA2 /* main.m */ = {isa = PBXFileReference; lastKnownFileType = sourcecode.c.objc; path = main.m; sourceTree = "<group>"; };
		C99A3FFD20F75F97006DEDA2 /* TPDownLoadDemoTests.xctest */ = {isa = PBXFileReference; explicitFileType = wrapper.cfbundle; includeInIndex = 0; path = TPDownLoadDemoTests.xctest; sourceTree = BUILT_PRODUCTS_DIR; };
		C99A400120F75F97006DEDA2 /* TPDownLoadDemoTests.m */ = {isa = PBXFileReference; lastKnownFileType = sourcecode.c.objc; path = TPDownLoadDemoTests.m; sourceTree = "<group>"; };
		C99A400320F75F97006DEDA2 /* Info.plist */ = {isa = PBXFileReference; lastKnownFileType = text.plist.xml; path = Info.plist; sourceTree = "<group>"; };
		C99A400C20F75FA6006DEDA2 /* TPDownLoadModel.h */ = {isa = PBXFileReference; fileEncoding = 4; lastKnownFileType = sourcecode.c.h; path = TPDownLoadModel.h; sourceTree = "<group>"; };
		C99A400D20F75FA6006DEDA2 /* TPDownLoadSession.m */ = {isa = PBXFileReference; fileEncoding = 4; lastKnownFileType = sourcecode.c.objc; path = TPDownLoadSession.m; sourceTree = "<group>"; };
		C99A400E20F75FA6006DEDA2 /* TPDownLoadCache.m */ = {isa = PBXFileReference; fileEncoding = 4; lastKnownFileType = sourcecode.c.objc; path = TPDownLoadCache.m; sourceTree = "<group>"; };
		C99A400F20F75FA6006DEDA2 /* TPDownLoadCache.h */ = {isa = PBXFileReference; fileEncoding = 4; lastKnownFileType = sourcecode.c.h; path = TPDownLoadCache.h; sourceTree = "<group>"; };
		C99A401020F75FA6006DEDA2 /* TPDownLoadManager.m */ = {isa = PBXFileReference; fileEncoding = 4; lastKnownFileType = sourcecode.c.objc; path = TPDownLoadManager.m; sourceTree = "<group>"; };
		C99A401120F75FA7006DEDA2 /* TPDownLoadModel.m */ = {isa = PBXFileReference; fileEncoding = 4; lastKnownFileType = sourcecode.c.objc; path = TPDownLoadModel.m; sourceTree = "<group>"; };
		C99A401220F75FA7006DEDA2 /* TPDownLoadSession.h */ = {isa = PBXFileReference; fileEncoding = 4; lastKnownFileType = sourcecode.c.h; path = TPDownLoadSession.h; sourceTree = "<group>"; };
		C99A401320F75FA7006DEDA2 /* TPDownLoadManager.h */ = {isa = PBXFileReference; fileEncoding = 4; lastKnownFileType = sourcecode.c.h; path = TPDownLoadManager.h; sourceTree = "<group>"; };
		C99A401420F75FA7006DEDA2 /* TPDownLoadChecker.m */ = {isa = PBXFileReference; fileEncoding = 4; lastKnownFileType = sourcecode.c.objc; path = TPDownLoadChecker.m; sourceTree = "<group>"; };
		C99A401520F75FA7006DEDA2 /* TPDownLoadChecker.h */ = {isa = PBXFileReference; fileEncoding = 4; lastKnownFileType = sourcecode.c.h; path = TPDownLoadChecker.h; sourceTree = "<group>"; };
/* End PBXFileReference section */

/* Begin PBXFrameworksBuildPhase section */
		C99A3FE220F75F97006DEDA2 /* Frameworks */ = {
			isa = PBXFrameworksBuildPhase;
			buildActionMask = 2147483647;
			files = (
				A41A7A830123E5275EB5A3AF /* libPods-TPDownLoadDemo.a in Frameworks */,
			);
			runOnlyForDeploymentPostprocessing = 0;
		};
		C99A3FFA20F75F97006DEDA2 /* Frameworks */ = {
			isa = PBXFrameworksBuildPhase;
			buildActionMask = 2147483647;
			files = (
			);
			runOnlyForDeploymentPostprocessing = 0;
		};
/* End PBXFrameworksBuildPhase section */

/* Begin PBXGroup section */
		3747285BE1ADF501046FBD38 /* Frameworks */ = {
			isa = PBXGroup;
			children = (
				C650F8ABDE4EB94E2A5BDED0 /* libPods-TPDownLoadDemo.a */,
			);
			name = Frameworks;
			sourceTree = "<group>";
		};
		C99A3FDC20F75F97006DEDA2 = {
			isa = PBXGroup;
			children = (
				C99A3FE720F75F97006DEDA2 /* TPDownLoadDemo */,
				C99A400020F75F97006DEDA2 /* TPDownLoadDemoTests */,
				C99A3FE620F75F97006DEDA2 /* Products */,
				E20B6B30B196EEBA8D5D3644 /* Pods */,
				3747285BE1ADF501046FBD38 /* Frameworks */,
			);
			sourceTree = "<group>";
		};
		C99A3FE620F75F97006DEDA2 /* Products */ = {
			isa = PBXGroup;
			children = (
				C99A3FE520F75F97006DEDA2 /* TPDownLoadDemo.app */,
				C99A3FFD20F75F97006DEDA2 /* TPDownLoadDemoTests.xctest */,
			);
			name = Products;
			sourceTree = "<group>";
		};
		C99A3FE720F75F97006DEDA2 /* TPDownLoadDemo */ = {
			isa = PBXGroup;
			children = (
				C99A3FE820F75F97006DEDA2 /* AppDelegate.h */,
				C99A3FE920F75F97006DEDA2 /* AppDelegate.m */,
				C99A3FEB20F75F97006DEDA2 /* ViewController.h */,
				C99A3FEC20F75F97006DEDA2 /* ViewController.m */,
				C99A401320F75FA7006DEDA2 /* TPDownLoadManager.h */,
				C99A401020F75FA6006DEDA2 /* TPDownLoadManager.m */,
				C99A400F20F75FA6006DEDA2 /* TPDownLoadCache.h */,
				C99A400E20F75FA6006DEDA2 /* TPDownLoadCache.m */,
				C99A401520F75FA7006DEDA2 /* TPDownLoadChecker.h */,
				C99A401420F75FA7006DEDA2 /* TPDownLoadChecker.m */,
				C99A400C20F75FA6006DEDA2 /* TPDownLoadModel.h */,
				C99A401120F75FA7006DEDA2 /* TPDownLoadModel.m */,
				C99A401220F75FA7006DEDA2 /* TPDownLoadSession.h */,
				C99A400D20F75FA6006DEDA2 /* TPDownLoadSession.m */,
				C99A3FEE20F75F97006DEDA2 /* Main.storyboard */,
				C99A3FF120F75F97006DEDA2 /* Assets.xcassets */,
				C99A3FF320F75F97006DEDA2 /* LaunchScreen.storyboard */,
				C99A3FF620F75F97006DEDA2 /* Info.plist */,
				C99A3FF720F75F97006DEDA2 /* main.m */,
			);
			path = TPDownLoadDemo;
			sourceTree = "<group>";
		};
		C99A400020F75F97006DEDA2 /* TPDownLoadDemoTests */ = {
			isa = PBXGroup;
			children = (
				C99A400120F75F97006DEDA2 /* TPDownLoadDemoTests.m */,
				C99A400320F75F97006DEDA2 /* Info.plist */,
			);
			path = TPDownLoadDemoTests;
			sourceTree = "<group>";
		};
		E20B6B30B196EEBA8D5D3644 /* Pods */ = {
			isa = PBXGroup;
			children = (
				C59FB66FCA5B6AEF3FB3240A /* Pods-TPDownLoadDemo.debug.xcconfig */,
				38A2FBD81319165F20063D72 /* Pods-TPDownLoadDemo.release.xcconfig */,
			);
			name = Pods;
			sourceTree = "<group>";
		};
/* End PBXGroup section */

/* Begin PBXNativeTarget section */
		C99A3FE420F75F97006DEDA2 /* TPDownLoadDemo */ = {
			isa = PBXNativeTarget;
			buildConfigurationList = C99A400620F75F97006DEDA2 /* Build configuration list for PBXNativeTarget "TPDownLoadDemo" */;
			buildPhases = (
				60D2BA4C7A98BD60BFCD7395 /* [CP] Check Pods Manifest.lock */,
				C99A3FE120F75F97006DEDA2 /* Sources */,
				C99A3FE220F75F97006DEDA2 /* Frameworks */,
				C99A3FE320F75F97006DEDA2 /* Resources */,
				EDF25C650DFB64DE18D89B08 /* [CP] Embed Pods Frameworks */,
				2E99CAFFD8E1DE639C899565 /* [CP] Copy Pods Resources */,
			);
			buildRules = (
			);
			dependencies = (
			);
			name = TPDownLoadDemo;
			productName = TPDownLoadDemo;
			productReference = C99A3FE520F75F97006DEDA2 /* TPDownLoadDemo.app */;
			productType = "com.apple.product-type.application";
		};
		C99A3FFC20F75F97006DEDA2 /* TPDownLoadDemoTests */ = {
			isa = PBXNativeTarget;
			buildConfigurationList = C99A400920F75F97006DEDA2 /* Build configuration list for PBXNativeTarget "TPDownLoadDemoTests" */;
			buildPhases = (
				C99A3FF920F75F97006DEDA2 /* Sources */,
				C99A3FFA20F75F97006DEDA2 /* Frameworks */,
				C99A3FFB20F75F97006DEDA2 /* Resources */,
			);
			buildRules = (
			);
			dependencies = (
				C99A3FFF20F75F97006DEDA2 /* PBXTargetDependency */,
			);
			name = TPDownLoadDemoTests;
			productName = TPDownLoadDemoTests;
			productReference = C99A3FFD20F75F97006DEDA2 /* TPDownLoadDemoTests.xctest */;
			productType = "com.apple.product-type.bundle.unit-test";
		};
/* End PBXNativeTarget section */

/* Begin PBXProject section */
		C99A3FDD20F75F97006DEDA2 /* Project object */ = {
			isa = PBXProject;
			attributes = {
				LastUpgradeCheck = 0910;
				ORGANIZATIONNAME = Start;
				TargetAttributes = {
					C99A3FE420F75F97006DEDA2 = {
						CreatedOnToolsVersion = 9.1;
						ProvisioningStyle = Automatic;
					};
					C99A3FFC20F75F97006DEDA2 = {
						CreatedOnToolsVersion = 9.1;
						ProvisioningStyle = Automatic;
						TestTargetID = C99A3FE420F75F97006DEDA2;
					};
				};
			};
			buildConfigurationList = C99A3FE020F75F97006DEDA2 /* Build configuration list for PBXProject "TPDownLoadDemo" */;
			compatibilityVersion = "Xcode 8.0";
			developmentRegion = en;
			hasScannedForEncodings = 0;
			knownRegions = (
				en,
				Base,
			);
			mainGroup = C99A3FDC20F75F97006DEDA2;
			productRefGroup = C99A3FE620F75F97006DEDA2 /* Products */;
			projectDirPath = "";
			projectRoot = "";
			targets = (
				C99A3FE420F75F97006DEDA2 /* TPDownLoadDemo */,
				C99A3FFC20F75F97006DEDA2 /* TPDownLoadDemoTests */,
			);
		};
/* End PBXProject section */

/* Begin PBXResourcesBuildPhase section */
		C99A3FE320F75F97006DEDA2 /* Resources */ = {
			isa = PBXResourcesBuildPhase;
			buildActionMask = 2147483647;
			files = (
				C99A3FF520F75F97006DEDA2 /* LaunchScreen.storyboard in Resources */,
				C99A3FF220F75F97006DEDA2 /* Assets.xcassets in Resources */,
				C99A3FF020F75F97006DEDA2 /* Main.storyboard in Resources */,
			);
			runOnlyForDeploymentPostprocessing = 0;
		};
		C99A3FFB20F75F97006DEDA2 /* Resources */ = {
			isa = PBXResourcesBuildPhase;
			buildActionMask = 2147483647;
			files = (
			);
			runOnlyForDeploymentPostprocessing = 0;
		};
/* End PBXResourcesBuildPhase section */

/* Begin PBXShellScriptBuildPhase section */
		2E99CAFFD8E1DE639C899565 /* [CP] Copy Pods Resources */ = {
			isa = PBXShellScriptBuildPhase;
			buildActionMask = 2147483647;
			files = (
			);
			inputPaths = (
				"${SRCROOT}/Pods/Target Support Files/Pods-TPDownLoadDemo/Pods-TPDownLoadDemo-resources.sh",
				"${PODS_ROOT}/SAMCategories/SAMCategories/SAMCategories.bundle",
			);
			name = "[CP] Copy Pods Resources";
			outputPaths = (
				"${TARGET_BUILD_DIR}/${UNLOCALIZED_RESOURCES_FOLDER_PATH}",
			);
			runOnlyForDeploymentPostprocessing = 0;
			shellPath = /bin/sh;
			shellScript = "\"${SRCROOT}/Pods/Target Support Files/Pods-TPDownLoadDemo/Pods-TPDownLoadDemo-resources.sh\"\n";
			showEnvVarsInLog = 0;
		};
		60D2BA4C7A98BD60BFCD7395 /* [CP] Check Pods Manifest.lock */ = {
			isa = PBXShellScriptBuildPhase;
			buildActionMask = 2147483647;
			files = (
			);
			inputPaths = (
				"${PODS_PODFILE_DIR_PATH}/Podfile.lock",
				"${PODS_ROOT}/Manifest.lock",
			);
			name = "[CP] Check Pods Manifest.lock";
			outputPaths = (
				"$(DERIVED_FILE_DIR)/Pods-TPDownLoadDemo-checkManifestLockResult.txt",
			);
			runOnlyForDeploymentPostprocessing = 0;
			shellPath = /bin/sh;
			shellScript = "diff \"${PODS_PODFILE_DIR_PATH}/Podfile.lock\" \"${PODS_ROOT}/Manifest.lock\" > /dev/null\nif [ $? != 0 ] ; then\n    # print error to STDERR\n    echo \"error: The sandbox is not in sync with the Podfile.lock. Run 'pod install' or update your CocoaPods installation.\" >&2\n    exit 1\nfi\n# This output is used by Xcode 'outputs' to avoid re-running this script phase.\necho \"SUCCESS\" > \"${SCRIPT_OUTPUT_FILE_0}\"\n";
			showEnvVarsInLog = 0;
		};
		EDF25C650DFB64DE18D89B08 /* [CP] Embed Pods Frameworks */ = {
			isa = PBXShellScriptBuildPhase;
			buildActionMask = 2147483647;
			files = (
			);
			inputPaths = (
			);
			name = "[CP] Embed Pods Frameworks";
			outputPaths = (
			);
			runOnlyForDeploymentPostprocessing = 0;
			shellPath = /bin/sh;
			shellScript = "\"${SRCROOT}/Pods/Target Support Files/Pods-TPDownLoadDemo/Pods-TPDownLoadDemo-frameworks.sh\"\n";
			showEnvVarsInLog = 0;
		};
/* End PBXShellScriptBuildPhase section */

/* Begin PBXSourcesBuildPhase section */
		C99A3FE120F75F97006DEDA2 /* Sources */ = {
			isa = PBXSourcesBuildPhase;
			buildActionMask = 2147483647;
			files = (
				C99A3FED20F75F97006DEDA2 /* ViewController.m in Sources */,
				C99A401820F75FA7006DEDA2 /* TPDownLoadManager.m in Sources */,
				C99A401720F75FA7006DEDA2 /* TPDownLoadCache.m in Sources */,
				C99A401920F75FA7006DEDA2 /* TPDownLoadModel.m in Sources */,
				C99A3FF820F75F97006DEDA2 /* main.m in Sources */,
				C99A401620F75FA7006DEDA2 /* TPDownLoadSession.m in Sources */,
				C99A3FEA20F75F97006DEDA2 /* AppDelegate.m in Sources */,
				C99A401A20F75FA7006DEDA2 /* TPDownLoadChecker.m in Sources */,
			);
			runOnlyForDeploymentPostprocessing = 0;
		};
		C99A3FF920F75F97006DEDA2 /* Sources */ = {
			isa = PBXSourcesBuildPhase;
			buildActionMask = 2147483647;
			files = (
				C99A400220F75F97006DEDA2 /* TPDownLoadDemoTests.m in Sources */,
			);
			runOnlyForDeploymentPostprocessing = 0;
		};
/* End PBXSourcesBuildPhase section */

/* Begin PBXTargetDependency section */
		C99A3FFF20F75F97006DEDA2 /* PBXTargetDependency */ = {
			isa = PBXTargetDependency;
			target = C99A3FE420F75F97006DEDA2 /* TPDownLoadDemo */;
			targetProxy = C99A3FFE20F75F97006DEDA2 /* PBXContainerItemProxy */;
		};
/* End PBXTargetDependency section */

/* Begin PBXVariantGroup section */
		C99A3FEE20F75F97006DEDA2 /* Main.storyboard */ = {
			isa = PBXVariantGroup;
			children = (
				C99A3FEF20F75F97006DEDA2 /* Base */,
			);
			name = Main.storyboard;
			sourceTree = "<group>";
		};
		C99A3FF320F75F97006DEDA2 /* LaunchScreen.storyboard */ = {
			isa = PBXVariantGroup;
			children = (
				C99A3FF420F75F97006DEDA2 /* Base */,
			);
			name = LaunchScreen.storyboard;
			sourceTree = "<group>";
		};
/* End PBXVariantGroup section */

/* Begin XCBuildConfiguration section */
		C99A400420F75F97006DEDA2 /* Debug */ = {
			isa = XCBuildConfiguration;
			buildSettings = {
				ALWAYS_SEARCH_USER_PATHS = NO;
				CLANG_ANALYZER_NONNULL = YES;
				CLANG_ANALYZER_NUMBER_OBJECT_CONVERSION = YES_AGGRESSIVE;
				CLANG_CXX_LANGUAGE_STANDARD = "gnu++14";
				CLANG_CXX_LIBRARY = "libc++";
				CLANG_ENABLE_MODULES = YES;
				CLANG_ENABLE_OBJC_ARC = YES;
				CLANG_WARN_BLOCK_CAPTURE_AUTORELEASING = YES;
				CLANG_WARN_BOOL_CONVERSION = YES;
				CLANG_WARN_COMMA = YES;
				CLANG_WARN_CONSTANT_CONVERSION = YES;
				CLANG_WARN_DIRECT_OBJC_ISA_USAGE = YES_ERROR;
				CLANG_WARN_DOCUMENTATION_COMMENTS = YES;
				CLANG_WARN_EMPTY_BODY = YES;
				CLANG_WARN_ENUM_CONVERSION = YES;
				CLANG_WARN_INFINITE_RECURSION = YES;
				CLANG_WARN_INT_CONVERSION = YES;
				CLANG_WARN_NON_LITERAL_NULL_CONVERSION = YES;
				CLANG_WARN_OBJC_LITERAL_CONVERSION = YES;
				CLANG_WARN_OBJC_ROOT_CLASS = YES_ERROR;
				CLANG_WARN_RANGE_LOOP_ANALYSIS = YES;
				CLANG_WARN_STRICT_PROTOTYPES = YES;
				CLANG_WARN_SUSPICIOUS_MOVE = YES;
				CLANG_WARN_UNGUARDED_AVAILABILITY = YES_AGGRESSIVE;
				CLANG_WARN_UNREACHABLE_CODE = YES;
				CLANG_WARN__DUPLICATE_METHOD_MATCH = YES;
				CODE_SIGN_IDENTITY = "iPhone Developer";
				COPY_PHASE_STRIP = NO;
				DEBUG_INFORMATION_FORMAT = dwarf;
				ENABLE_STRICT_OBJC_MSGSEND = YES;
				ENABLE_TESTABILITY = YES;
				GCC_C_LANGUAGE_STANDARD = gnu11;
				GCC_DYNAMIC_NO_PIC = NO;
				GCC_NO_COMMON_BLOCKS = YES;
				GCC_OPTIMIZATION_LEVEL = 0;
				GCC_PREPROCESSOR_DEFINITIONS = (
					"DEBUG=1",
					"$(inherited)",
				);
				GCC_WARN_64_TO_32_BIT_CONVERSION = YES;
				GCC_WARN_ABOUT_RETURN_TYPE = YES_ERROR;
				GCC_WARN_UNDECLARED_SELECTOR = YES;
				GCC_WARN_UNINITIALIZED_AUTOS = YES_AGGRESSIVE;
				GCC_WARN_UNUSED_FUNCTION = YES;
				GCC_WARN_UNUSED_VARIABLE = YES;
				IPHONEOS_DEPLOYMENT_TARGET = 11.1;
				MTL_ENABLE_DEBUG_INFO = YES;
				ONLY_ACTIVE_ARCH = YES;
				SDKROOT = iphoneos;
			};
			name = Debug;
		};
		C99A400520F75F97006DEDA2 /* Release */ = {
			isa = XCBuildConfiguration;
			buildSettings = {
				ALWAYS_SEARCH_USER_PATHS = NO;
				CLANG_ANALYZER_NONNULL = YES;
				CLANG_ANALYZER_NUMBER_OBJECT_CONVERSION = YES_AGGRESSIVE;
				CLANG_CXX_LANGUAGE_STANDARD = "gnu++14";
				CLANG_CXX_LIBRARY = "libc++";
				CLANG_ENABLE_MODULES = YES;
				CLANG_ENABLE_OBJC_ARC = YES;
				CLANG_WARN_BLOCK_CAPTURE_AUTORELEASING = YES;
				CLANG_WARN_BOOL_CONVERSION = YES;
				CLANG_WARN_COMMA = YES;
				CLANG_WARN_CONSTANT_CONVERSION = YES;
				CLANG_WARN_DIRECT_OBJC_ISA_USAGE = YES_ERROR;
				CLANG_WARN_DOCUMENTATION_COMMENTS = YES;
				CLANG_WARN_EMPTY_BODY = YES;
				CLANG_WARN_ENUM_CONVERSION = YES;
				CLANG_WARN_INFINITE_RECURSION = YES;
				CLANG_WARN_INT_CONVERSION = YES;
				CLANG_WARN_NON_LITERAL_NULL_CONVERSION = YES;
				CLANG_WARN_OBJC_LITERAL_CONVERSION = YES;
				CLANG_WARN_OBJC_ROOT_CLASS = YES_ERROR;
				CLANG_WARN_RANGE_LOOP_ANALYSIS = YES;
				CLANG_WARN_STRICT_PROTOTYPES = YES;
				CLANG_WARN_SUSPICIOUS_MOVE = YES;
				CLANG_WARN_UNGUARDED_AVAILABILITY = YES_AGGRESSIVE;
				CLANG_WARN_UNREACHABLE_CODE = YES;
				CLANG_WARN__DUPLICATE_METHOD_MATCH = YES;
				CODE_SIGN_IDENTITY = "iPhone Developer";
				COPY_PHASE_STRIP = NO;
				DEBUG_INFORMATION_FORMAT = "dwarf-with-dsym";
				ENABLE_NS_ASSERTIONS = NO;
				ENABLE_STRICT_OBJC_MSGSEND = YES;
				GCC_C_LANGUAGE_STANDARD = gnu11;
				GCC_NO_COMMON_BLOCKS = YES;
				GCC_WARN_64_TO_32_BIT_CONVERSION = YES;
				GCC_WARN_ABOUT_RETURN_TYPE = YES_ERROR;
				GCC_WARN_UNDECLARED_SELECTOR = YES;
				GCC_WARN_UNINITIALIZED_AUTOS = YES_AGGRESSIVE;
				GCC_WARN_UNUSED_FUNCTION = YES;
				GCC_WARN_UNUSED_VARIABLE = YES;
				IPHONEOS_DEPLOYMENT_TARGET = 11.1;
				MTL_ENABLE_DEBUG_INFO = NO;
				SDKROOT = iphoneos;
				VALIDATE_PRODUCT = YES;
			};
			name = Release;
		};
		C99A400720F75F97006DEDA2 /* Debug */ = {
			isa = XCBuildConfiguration;
			baseConfigurationReference = C59FB66FCA5B6AEF3FB3240A /* Pods-TPDownLoadDemo.debug.xcconfig */;
			buildSettings = {
				ASSETCATALOG_COMPILER_APPICON_NAME = AppIcon;
				CODE_SIGN_STYLE = Automatic;
				DEVELOPMENT_TEAM = WU2WFZ2B66;
				INFOPLIST_FILE = TPDownLoadDemo/Info.plist;
				LD_RUNPATH_SEARCH_PATHS = "$(inherited) @executable_path/Frameworks";
				PRODUCT_BUNDLE_IDENTIFIER = het.TPDownLoadDemo;
				PRODUCT_NAME = "$(TARGET_NAME)";
				TARGETED_DEVICE_FAMILY = "1,2";
			};
			name = Debug;
		};
		C99A400820F75F97006DEDA2 /* Release */ = {
			isa = XCBuildConfiguration;
			baseConfigurationReference = 38A2FBD81319165F20063D72 /* Pods-TPDownLoadDemo.release.xcconfig */;
			buildSettings = {
				ASSETCATALOG_COMPILER_APPICON_NAME = AppIcon;
				CODE_SIGN_STYLE = Automatic;
				DEVELOPMENT_TEAM = WU2WFZ2B66;
				INFOPLIST_FILE = TPDownLoadDemo/Info.plist;
				LD_RUNPATH_SEARCH_PATHS = "$(inherited) @executable_path/Frameworks";
				PRODUCT_BUNDLE_IDENTIFIER = het.TPDownLoadDemo;
				PRODUCT_NAME = "$(TARGET_NAME)";
				TARGETED_DEVICE_FAMILY = "1,2";
			};
			name = Release;
		};
		C99A400A20F75F97006DEDA2 /* Debug */ = {
			isa = XCBuildConfiguration;
			buildSettings = {
				BUNDLE_LOADER = "$(TEST_HOST)";
				CODE_SIGN_STYLE = Automatic;
				DEVELOPMENT_TEAM = WU2WFZ2B66;
				INFOPLIST_FILE = TPDownLoadDemoTests/Info.plist;
				LD_RUNPATH_SEARCH_PATHS = "$(inherited) @executable_path/Frameworks @loader_path/Frameworks";
				PRODUCT_BUNDLE_IDENTIFIER = het.TPDownLoadDemoTests;
				PRODUCT_NAME = "$(TARGET_NAME)";
				TARGETED_DEVICE_FAMILY = "1,2";
				TEST_HOST = "$(BUILT_PRODUCTS_DIR)/TPDownLoadDemo.app/TPDownLoadDemo";
			};
			name = Debug;
		};
		C99A400B20F75F97006DEDA2 /* Release */ = {
			isa = XCBuildConfiguration;
			buildSettings = {
				BUNDLE_LOADER = "$(TEST_HOST)";
				CODE_SIGN_STYLE = Automatic;
				DEVELOPMENT_TEAM = WU2WFZ2B66;
				INFOPLIST_FILE = TPDownLoadDemoTests/Info.plist;
				LD_RUNPATH_SEARCH_PATHS = "$(inherited) @executable_path/Frameworks @loader_path/Frameworks";
				PRODUCT_BUNDLE_IDENTIFIER = het.TPDownLoadDemoTests;
				PRODUCT_NAME = "$(TARGET_NAME)";
				TARGETED_DEVICE_FAMILY = "1,2";
				TEST_HOST = "$(BUILT_PRODUCTS_DIR)/TPDownLoadDemo.app/TPDownLoadDemo";
			};
			name = Release;
		};
/* End XCBuildConfiguration section */

/* Begin XCConfigurationList section */
		C99A3FE020F75F97006DEDA2 /* Build configuration list for PBXProject "TPDownLoadDemo" */ = {
			isa = XCConfigurationList;
			buildConfigurations = (
				C99A400420F75F97006DEDA2 /* Debug */,
				C99A400520F75F97006DEDA2 /* Release */,
			);
			defaultConfigurationIsVisible = 0;
			defaultConfigurationName = Release;
		};
		C99A400620F75F97006DEDA2 /* Build configuration list for PBXNativeTarget "TPDownLoadDemo" */ = {
			isa = XCConfigurationList;
			buildConfigurations = (
				C99A400720F75F97006DEDA2 /* Debug */,
				C99A400820F75F97006DEDA2 /* Release */,
			);
			defaultConfigurationIsVisible = 0;
			defaultConfigurationName = Release;
		};
		C99A400920F75F97006DEDA2 /* Build configuration list for PBXNativeTarget "TPDownLoadDemoTests" */ = {
			isa = XCConfigurationList;
			buildConfigurations = (
				C99A400A20F75F97006DEDA2 /* Debug */,
				C99A400B20F75F97006DEDA2 /* Release */,
			);
			defaultConfigurationIsVisible = 0;
			defaultConfigurationName = Release;
		};
/* End XCConfigurationList section */
	};
	rootObject = C99A3FDD20F75F97006DEDA2 /* Project object */;
}
